
Microsoft Visual Studio Solution File, Format Version 12.00
# Visual Studio Version 17
VisualStudioVersion = 17.11.35327.3
MinimumVisualStudioVersion = 10.0.40219.1
Project("{FAE04EC0-301F-11D3-BF4B-00C04F79EFBC}") = "9dars", "9dars.csproj", "{DFA15E0E-95DB-4507-8375-91E23E9481EB}"
EndProject
Global
	GlobalSection(SolutionConfigurationPlatforms) = preSolution
		Debug|Any CPU = Debug|Any CPU
		Release|Any CPU = Release|Any CPU
	EndGlobalSection
	GlobalSection(ProjectConfigurationPlatforms) = postSolution
		{DFA15E0E-95DB-4507-8375-91E23E9481EB}.Debug|Any CPU.ActiveCfg = Debug|Any CPU
		{DFA15E0E-95DB-4507-8375-91E23E9481EB}.Debug|Any CPU.Build.0 = Debug|Any CPU
		{DFA15E0E-95DB-4507-8375-91E23E9481EB}.Release|Any CPU.ActiveCfg = Release|Any CPU
		{DFA15E0E-95DB-4507-8375-91E23E9481EB}.Release|Any CPU.Build.0 = Release|Any CPU
	EndGlobalSection
	GlobalSection(SolutionProperties) = preSolution
		HideSolutionNode = FALSE
	EndGlobalSection
	GlobalSection(ExtensibilityGlobals) = postSolution
		SolutionGuid = {B926EBFD-5FBE-44F4-914F-798F5B4CCD9D}
	EndGlobalSection
EndGlobal
